
Microsoft Visual Studio Solution File, Format Version 12.00
# Visual Studio 14
VisualStudioVersion = 14.0.23107.0
MinimumVisualStudioVersion = 10.0.40219.1
Project("{8BC9CEB8-8B4A-11D0-8D11-00A0C91BC942}") = "11799", "11799\11799.vcxproj", "{DC3A0A43-5BF0-445E-B079-2D0DB94BA205}"
EndProject
Global
	GlobalSection(SolutionConfigurationPlatforms) = preSolution
		Debug|x64 = Debug|x64
		Debug|x86 = Debug|x86
		Release|x64 = Release|x64
		Release|x86 = Release|x86
	EndGlobalSection
	GlobalSection(ProjectConfigurationPlatforms) = postSolution
		{DC3A0A43-5BF0-445E-B079-2D0DB94BA205}.Debug|x64.ActiveCfg = Debug|x64
		{DC3A0A43-5BF0-445E-B079-2D0DB94BA205}.Debug|x64.Build.0 = Debug|x64
		{DC3A0A43-5BF0-445E-B079-2D0DB94BA205}.Debug|x86.ActiveCfg = Debug|Win32
		{DC3A0A43-5BF0-445E-B079-2D0DB94BA205}.Debug|x86.Build.0 = Debug|Win32
		{DC3A0A43-5BF0-445E-B079-2D0DB94BA205}.Release|x64.ActiveCfg = Release|x64
		{DC3A0A43-5BF0-445E-B079-2D0DB94BA205}.Release|x64.Build.0 = Release|x64
		{DC3A0A43-5BF0-445E-B079-2D0DB94BA205}.Release|x86.ActiveCfg = Release|Win32
		{DC3A0A43-5BF0-445E-B079-2D0DB94BA205}.Release|x86.Build.0 = Release|Win32
	EndGlobalSection
	GlobalSection(SolutionProperties) = preSolution
		HideSolutionNode = FALSE
	EndGlobalSection
EndGlobal
